
Microsoft Visual Studio Solution File, Format Version 12.00
# Visual Studio Version 16
VisualStudioVersion = 16.0.30804.86
MinimumVisualStudioVersion = 10.0.40219.1
Project("{9A19103F-16F7-4668-BE54-9A1E7A4F7556}") = "FTS.UI", "FTS.UI\FTS.UI.csproj", "{CB49E6AB-C57A-4FB5-844B-22C1CD7A7DD6}"
EndProject
Project("{9A19103F-16F7-4668-BE54-9A1E7A4F7556}") = "FTS.Core", "FTS.Core\FTS.Core.csproj", "{6417C73E-6D37-444E-AE82-8E778B58006B}"
EndProject
Project("{2150E333-8FDC-42A3-9474-1A3956D46DE8}") = "Docs", "Docs", "{19310018-F110-47C6-A319-6AAA9FA837A1}"
	ProjectSection(SolutionItems) = preProject
		NextSteps.txt = NextSteps.txt
	EndProjectSection
EndProject
Global
	GlobalSection(SolutionConfigurationPlatforms) = preSolution
		Debug|Any CPU = Debug|Any CPU
		Release|Any CPU = Release|Any CPU
	EndGlobalSection
	GlobalSection(ProjectConfigurationPlatforms) = postSolution
		{CB49E6AB-C57A-4FB5-844B-22C1CD7A7DD6}.Debug|Any CPU.ActiveCfg = Debug|Any CPU
		{CB49E6AB-C57A-4FB5-844B-22C1CD7A7DD6}.Debug|Any CPU.Build.0 = Debug|Any CPU
		{CB49E6AB-C57A-4FB5-844B-22C1CD7A7DD6}.Release|Any CPU.ActiveCfg = Release|Any CPU
		{CB49E6AB-C57A-4FB5-844B-22C1CD7A7DD6}.Release|Any CPU.Build.0 = Release|Any CPU
		{6417C73E-6D37-444E-AE82-8E778B58006B}.Debug|Any CPU.ActiveCfg = Debug|Any CPU
		{6417C73E-6D37-444E-AE82-8E778B58006B}.Debug|Any CPU.Build.0 = Debug|Any CPU
		{6417C73E-6D37-444E-AE82-8E778B58006B}.Release|Any CPU.ActiveCfg = Release|Any CPU
		{6417C73E-6D37-444E-AE82-8E778B58006B}.Release|Any CPU.Build.0 = Release|Any CPU
	EndGlobalSection
	GlobalSection(SolutionProperties) = preSolution
		HideSolutionNode = FALSE
	EndGlobalSection
	GlobalSection(ExtensibilityGlobals) = postSolution
		SolutionGuid = {E249A4A8-341A-4885-939C-F2E02E036F19}
	EndGlobalSection
EndGlobal
